
Microsoft Visual Studio Solution File, Format Version 12.00
# Visual Studio Version 16
VisualStudioVersion = 25.0.1705.0
MinimumVisualStudioVersion = 10.0.40219.1
Project("{FAE04EC0-301F-11D3-BF4B-00C04F79EFBC}") = "NumberAnalyzer", "NumberAnalyzer\NumberAnalyzer.csproj", "{67581883-0290-4B0A-A7D0-2654340B31C0}"
EndProject
Global
	GlobalSection(SolutionConfigurationPlatforms) = preSolution
		Debug|Any CPU = Debug|Any CPU
		Release|Any CPU = Release|Any CPU
	EndGlobalSection
	GlobalSection(ProjectConfigurationPlatforms) = postSolution
		{67581883-0290-4B0A-A7D0-2654340B31C0}.Debug|Any CPU.ActiveCfg = Debug|Any CPU
		{67581883-0290-4B0A-A7D0-2654340B31C0}.Debug|Any CPU.Build.0 = Debug|Any CPU
		{67581883-0290-4B0A-A7D0-2654340B31C0}.Release|Any CPU.ActiveCfg = Release|Any CPU
		{67581883-0290-4B0A-A7D0-2654340B31C0}.Release|Any CPU.Build.0 = Release|Any CPU
	EndGlobalSection
	GlobalSection(SolutionProperties) = preSolution
		HideSolutionNode = FALSE
	EndGlobalSection
	GlobalSection(ExtensibilityGlobals) = postSolution
		SolutionGuid = {AD3205EF-3477-4BB6-B4E9-5F52DAF98DC1}
	EndGlobalSection
EndGlobal
